
Microsoft Visual Studio Solution File, Format Version 12.00
# Visual Studio Version 17
VisualStudioVersion = 17.1.32421.90
MinimumVisualStudioVersion = 10.0.40219.1
Project("{9A19103F-16F7-4668-BE54-9A1E7A4F7556}") = "FeeApi", "FeeApi\FeeApi.csproj", "{C4BEB9CF-7167-48F3-9732-F74E12B5EEA7}"
EndProject
Project("{FAE04EC0-301F-11D3-BF4B-00C04F79EFBC}") = "CompoundCalcApi", "CompoundCalcApi\CompoundCalcApi.csproj", "{15031377-2FDC-4303-B2C9-155CAC4AD7CB}"
EndProject
Project("{E53339B2-1760-4266-BCC7-CA923CBCF16C}") = "docker-compose", "docker-compose.dcproj", "{47243891-86DB-4447-9429-903ACE6C0486}"
EndProject
Global
	GlobalSection(SolutionConfigurationPlatforms) = preSolution
		Debug|Any CPU = Debug|Any CPU
		Release|Any CPU = Release|Any CPU
	EndGlobalSection
	GlobalSection(ProjectConfigurationPlatforms) = postSolution
		{C4BEB9CF-7167-48F3-9732-F74E12B5EEA7}.Debug|Any CPU.ActiveCfg = Debug|Any CPU
		{C4BEB9CF-7167-48F3-9732-F74E12B5EEA7}.Debug|Any CPU.Build.0 = Debug|Any CPU
		{C4BEB9CF-7167-48F3-9732-F74E12B5EEA7}.Release|Any CPU.ActiveCfg = Release|Any CPU
		{C4BEB9CF-7167-48F3-9732-F74E12B5EEA7}.Release|Any CPU.Build.0 = Release|Any CPU
		{15031377-2FDC-4303-B2C9-155CAC4AD7CB}.Debug|Any CPU.ActiveCfg = Debug|Any CPU
		{15031377-2FDC-4303-B2C9-155CAC4AD7CB}.Debug|Any CPU.Build.0 = Debug|Any CPU
		{15031377-2FDC-4303-B2C9-155CAC4AD7CB}.Release|Any CPU.ActiveCfg = Release|Any CPU
		{15031377-2FDC-4303-B2C9-155CAC4AD7CB}.Release|Any CPU.Build.0 = Release|Any CPU
		{47243891-86DB-4447-9429-903ACE6C0486}.Debug|Any CPU.ActiveCfg = Debug|Any CPU
		{47243891-86DB-4447-9429-903ACE6C0486}.Debug|Any CPU.Build.0 = Debug|Any CPU
		{47243891-86DB-4447-9429-903ACE6C0486}.Release|Any CPU.ActiveCfg = Release|Any CPU
		{47243891-86DB-4447-9429-903ACE6C0486}.Release|Any CPU.Build.0 = Release|Any CPU
	EndGlobalSection
	GlobalSection(SolutionProperties) = preSolution
		HideSolutionNode = FALSE
	EndGlobalSection
	GlobalSection(ExtensibilityGlobals) = postSolution
		SolutionGuid = {C5C47F53-4D95-460B-B5A3-319A903605B9}
	EndGlobalSection
EndGlobal
